
Microsoft Visual Studio Solution File, Format Version 12.00
# Visual Studio Version 17
VisualStudioVersion = 17.6.33815.320
MinimumVisualStudioVersion = 10.0.40219.1
Project("{FAE04EC0-301F-11D3-BF4B-00C04F79EFBC}") = "CourseManagement", "CourseManagement\CourseManagement.csproj", "{D033ECE7-2BD2-441D-9B2A-00D0CC1A86F7}"
EndProject
Project("{FAE04EC0-301F-11D3-BF4B-00C04F79EFBC}") = "Course.Controls", "Course.Controls\Course.Controls.csproj", "{5707A1FF-F693-481D-9496-4D3AE12448AA}"
EndProject
Global
	GlobalSection(SolutionConfigurationPlatforms) = preSolution
		Debug|Any CPU = Debug|Any CPU
		Debug|x64 = Debug|x64
		Release|Any CPU = Release|Any CPU
		Release|x64 = Release|x64
	EndGlobalSection
	GlobalSection(ProjectConfigurationPlatforms) = postSolution
		{D033ECE7-2BD2-441D-9B2A-00D0CC1A86F7}.Debug|Any CPU.ActiveCfg = Debug|Any CPU
		{D033ECE7-2BD2-441D-9B2A-00D0CC1A86F7}.Debug|Any CPU.Build.0 = Debug|Any CPU
		{D033ECE7-2BD2-441D-9B2A-00D0CC1A86F7}.Debug|x64.ActiveCfg = Debug|x64
		{D033ECE7-2BD2-441D-9B2A-00D0CC1A86F7}.Debug|x64.Build.0 = Debug|x64
		{D033ECE7-2BD2-441D-9B2A-00D0CC1A86F7}.Release|Any CPU.ActiveCfg = Release|Any CPU
		{D033ECE7-2BD2-441D-9B2A-00D0CC1A86F7}.Release|Any CPU.Build.0 = Release|Any CPU
		{D033ECE7-2BD2-441D-9B2A-00D0CC1A86F7}.Release|x64.ActiveCfg = Release|x64
		{D033ECE7-2BD2-441D-9B2A-00D0CC1A86F7}.Release|x64.Build.0 = Release|x64
		{5707A1FF-F693-481D-9496-4D3AE12448AA}.Debug|Any CPU.ActiveCfg = Debug|Any CPU
		{5707A1FF-F693-481D-9496-4D3AE12448AA}.Debug|Any CPU.Build.0 = Debug|Any CPU
		{5707A1FF-F693-481D-9496-4D3AE12448AA}.Debug|x64.ActiveCfg = Debug|x64
		{5707A1FF-F693-481D-9496-4D3AE12448AA}.Debug|x64.Build.0 = Debug|x64
		{5707A1FF-F693-481D-9496-4D3AE12448AA}.Release|Any CPU.ActiveCfg = Release|Any CPU
		{5707A1FF-F693-481D-9496-4D3AE12448AA}.Release|Any CPU.Build.0 = Release|Any CPU
		{5707A1FF-F693-481D-9496-4D3AE12448AA}.Release|x64.ActiveCfg = Release|x64
		{5707A1FF-F693-481D-9496-4D3AE12448AA}.Release|x64.Build.0 = Release|x64
	EndGlobalSection
	GlobalSection(SolutionProperties) = preSolution
		HideSolutionNode = FALSE
	EndGlobalSection
	GlobalSection(ExtensibilityGlobals) = postSolution
		SolutionGuid = {9D84637F-4417-40DF-AE48-E7B648AAF221}
	EndGlobalSection
EndGlobal
